
Microsoft Visual Studio Solution File, Format Version 12.00
# Visual Studio Version 16
VisualStudioVersion = 16.0.31112.23
MinimumVisualStudioVersion = 10.0.40219.1
Project("{2150E333-8FDC-42A3-9474-1A3956D46DE8}") = "hyoung.jw", "hyoung.jw", "{EFDFEFB5-0474-4730-B4E0-CC1EC991D3EC}"
EndProject
Project("{FAE04EC0-301F-11D3-BF4B-00C04F79EFBC}") = "Problem_7568", "hyoung.jw\Problem_7568\Problem_7568.csproj", "{1F3FE2A6-6BA3-47DA-B8EB-5F0981211221}"
EndProject
Project("{2150E333-8FDC-42A3-9474-1A3956D46DE8}") = "lee0215", "lee0215", "{AF358180-DB65-4EE9-AB33-D27AA9A89555}"
EndProject
Project("{2150E333-8FDC-42A3-9474-1A3956D46DE8}") = "messla", "messla", "{48EB4656-39DF-4AE4-9AE2-37AF4E882210}"
EndProject
Project("{2150E333-8FDC-42A3-9474-1A3956D46DE8}") = "25 Mar", "25 Mar", "{807A0DA2-A474-45C5-B467-F71CE3EA3F46}"
EndProject
Project("{FAE04EC0-301F-11D3-BF4B-00C04F79EFBC}") = "Practice_2231", "lee0215\25 Mar\Practice_2231\Practice_2231.csproj", "{559A1322-4BA8-4306-83EE-B81B547C70E4}"
EndProject
Project("{FAE04EC0-301F-11D3-BF4B-00C04F79EFBC}") = "Practice_7568", "lee0215\25 Mar\Practice_7568\Practice_7568.csproj", "{14B773A1-54D0-4E54-89F8-97906DF3E7F6}"
EndProject
Project("{FAE04EC0-301F-11D3-BF4B-00C04F79EFBC}") = "Problem_10828", "messla\Problem_10828\Problem_10828.csproj", "{FEDFE0E0-F872-4121-888D-C82F550CB2C1}"
EndProject
Project("{2150E333-8FDC-42A3-9474-1A3956D46DE8}") = "02 Apr", "02 Apr", "{DE5F9737-8013-428D-98E5-BD9BD94503AE}"
EndProject
Project("{FAE04EC0-301F-11D3-BF4B-00C04F79EFBC}") = "Practice_10828", "lee0215\02 Apr\Practice_10828\Practice_10828.csproj", "{1601BEC2-D77B-497B-8704-BE4C95CF1BEE}"
EndProject
Project("{FAE04EC0-301F-11D3-BF4B-00C04F79EFBC}") = "Practice_10989", "lee0215\02 Apr\Practice_10989\Practice_10989.csproj", "{545CEB7E-A07C-46E4-A217-9A7EAD6BD0D7}"
EndProject
Project("{FAE04EC0-301F-11D3-BF4B-00C04F79EFBC}") = "Problem_10828", "hyoung.jw\Problem_10828\Problem_10828.csproj", "{174F2E64-D278-498E-85B8-76426856A001}"
EndProject
Project("{FAE04EC0-301F-11D3-BF4B-00C04F79EFBC}") = "Problem_10989", "hyoung.jw\Problem_10989\Problem_10989.csproj", "{769A106D-1D7E-4551-9528-D16A3913DEC5}"
EndProject
Global
	GlobalSection(SolutionConfigurationPlatforms) = preSolution
		Debug|Any CPU = Debug|Any CPU
		Release|Any CPU = Release|Any CPU
	EndGlobalSection
	GlobalSection(ProjectConfigurationPlatforms) = postSolution
		{1F3FE2A6-6BA3-47DA-B8EB-5F0981211221}.Debug|Any CPU.ActiveCfg = Debug|Any CPU
		{1F3FE2A6-6BA3-47DA-B8EB-5F0981211221}.Debug|Any CPU.Build.0 = Debug|Any CPU
		{1F3FE2A6-6BA3-47DA-B8EB-5F0981211221}.Release|Any CPU.ActiveCfg = Release|Any CPU
		{1F3FE2A6-6BA3-47DA-B8EB-5F0981211221}.Release|Any CPU.Build.0 = Release|Any CPU
		{559A1322-4BA8-4306-83EE-B81B547C70E4}.Debug|Any CPU.ActiveCfg = Debug|Any CPU
		{559A1322-4BA8-4306-83EE-B81B547C70E4}.Debug|Any CPU.Build.0 = Debug|Any CPU
		{559A1322-4BA8-4306-83EE-B81B547C70E4}.Release|Any CPU.ActiveCfg = Release|Any CPU
		{559A1322-4BA8-4306-83EE-B81B547C70E4}.Release|Any CPU.Build.0 = Release|Any CPU
		{14B773A1-54D0-4E54-89F8-97906DF3E7F6}.Debug|Any CPU.ActiveCfg = Debug|Any CPU
		{14B773A1-54D0-4E54-89F8-97906DF3E7F6}.Debug|Any CPU.Build.0 = Debug|Any CPU
		{14B773A1-54D0-4E54-89F8-97906DF3E7F6}.Release|Any CPU.ActiveCfg = Release|Any CPU
		{14B773A1-54D0-4E54-89F8-97906DF3E7F6}.Release|Any CPU.Build.0 = Release|Any CPU
		{FEDFE0E0-F872-4121-888D-C82F550CB2C1}.Debug|Any CPU.ActiveCfg = Debug|Any CPU
		{FEDFE0E0-F872-4121-888D-C82F550CB2C1}.Debug|Any CPU.Build.0 = Debug|Any CPU
		{FEDFE0E0-F872-4121-888D-C82F550CB2C1}.Release|Any CPU.ActiveCfg = Release|Any CPU
		{FEDFE0E0-F872-4121-888D-C82F550CB2C1}.Release|Any CPU.Build.0 = Release|Any CPU
		{1601BEC2-D77B-497B-8704-BE4C95CF1BEE}.Debug|Any CPU.ActiveCfg = Debug|Any CPU
		{1601BEC2-D77B-497B-8704-BE4C95CF1BEE}.Debug|Any CPU.Build.0 = Debug|Any CPU
		{1601BEC2-D77B-497B-8704-BE4C95CF1BEE}.Release|Any CPU.ActiveCfg = Release|Any CPU
		{1601BEC2-D77B-497B-8704-BE4C95CF1BEE}.Release|Any CPU.Build.0 = Release|Any CPU
		{545CEB7E-A07C-46E4-A217-9A7EAD6BD0D7}.Debug|Any CPU.ActiveCfg = Debug|Any CPU
		{545CEB7E-A07C-46E4-A217-9A7EAD6BD0D7}.Debug|Any CPU.Build.0 = Debug|Any CPU
		{545CEB7E-A07C-46E4-A217-9A7EAD6BD0D7}.Release|Any CPU.ActiveCfg = Release|Any CPU
		{545CEB7E-A07C-46E4-A217-9A7EAD6BD0D7}.Release|Any CPU.Build.0 = Release|Any CPU
		{174F2E64-D278-498E-85B8-76426856A001}.Debug|Any CPU.ActiveCfg = Debug|Any CPU
		{174F2E64-D278-498E-85B8-76426856A001}.Debug|Any CPU.Build.0 = Debug|Any CPU
		{174F2E64-D278-498E-85B8-76426856A001}.Release|Any CPU.ActiveCfg = Release|Any CPU
		{174F2E64-D278-498E-85B8-76426856A001}.Release|Any CPU.Build.0 = Release|Any CPU
		{769A106D-1D7E-4551-9528-D16A3913DEC5}.Debug|Any CPU.ActiveCfg = Debug|Any CPU
		{769A106D-1D7E-4551-9528-D16A3913DEC5}.Debug|Any CPU.Build.0 = Debug|Any CPU
		{769A106D-1D7E-4551-9528-D16A3913DEC5}.Release|Any CPU.ActiveCfg = Release|Any CPU
		{769A106D-1D7E-4551-9528-D16A3913DEC5}.Release|Any CPU.Build.0 = Release|Any CPU
	EndGlobalSection
	GlobalSection(SolutionProperties) = preSolution
		HideSolutionNode = FALSE
	EndGlobalSection
	GlobalSection(NestedProjects) = preSolution
		{1F3FE2A6-6BA3-47DA-B8EB-5F0981211221} = {EFDFEFB5-0474-4730-B4E0-CC1EC991D3EC}
		{807A0DA2-A474-45C5-B467-F71CE3EA3F46} = {AF358180-DB65-4EE9-AB33-D27AA9A89555}
		{559A1322-4BA8-4306-83EE-B81B547C70E4} = {807A0DA2-A474-45C5-B467-F71CE3EA3F46}
		{14B773A1-54D0-4E54-89F8-97906DF3E7F6} = {807A0DA2-A474-45C5-B467-F71CE3EA3F46}
		{FEDFE0E0-F872-4121-888D-C82F550CB2C1} = {48EB4656-39DF-4AE4-9AE2-37AF4E882210}
		{DE5F9737-8013-428D-98E5-BD9BD94503AE} = {AF358180-DB65-4EE9-AB33-D27AA9A89555}
		{1601BEC2-D77B-497B-8704-BE4C95CF1BEE} = {DE5F9737-8013-428D-98E5-BD9BD94503AE}
		{545CEB7E-A07C-46E4-A217-9A7EAD6BD0D7} = {DE5F9737-8013-428D-98E5-BD9BD94503AE}
		{174F2E64-D278-498E-85B8-76426856A001} = {EFDFEFB5-0474-4730-B4E0-CC1EC991D3EC}
		{769A106D-1D7E-4551-9528-D16A3913DEC5} = {EFDFEFB5-0474-4730-B4E0-CC1EC991D3EC}
	EndGlobalSection
	GlobalSection(ExtensibilityGlobals) = postSolution
		SolutionGuid = {16840341-5A78-44AB-AA96-D4F9D0688CEE}
	EndGlobalSection
EndGlobal
